PODS:
  - Amplify (1.7.0):
    - Amplify/Default (= 1.7.0)
  - Amplify/Default (1.7.0)
  - Amplify/Tools (1.7.0)
  - AmplifyPlugins/AWSAPIPlugin (1.7.0):
    - AppSyncRealTimeClient (~> 1.4.0)
    - AWSCore (~> 2.23.0)
    - AWSPluginsCore (= 1.7.0)
  - AmplifyPlugins/AWSCognitoAuthPlugin (1.7.0):
    - AWSAuthCore (~> 2.23.0)
    - AWSCognitoIdentityProvider (~> 2.23.0)
    - AWSCognitoIdentityProviderASF (~> 2.23.0)
    - AWSCore (~> 2.23.0)
    - AWSMobileClient (~> 2.23.0)
    - AWSPluginsCore (= 1.7.0)
  - AmplifyPlugins/AWSDataStorePlugin (1.7.0):
    - AWSCore (~> 2.23.0)
    - AWSPluginsCore (= 1.7.0)
    - SQLite.swift (~> 0.12.0)
  - AmplifyPlugins/AWSS3StoragePlugin (1.7.0):
    - AWSCore (~> 2.23.0)
    - AWSPluginsCore (= 1.7.0)
    - AWSS3 (~> 2.23.0)
  - AppAuth (1.4.0):
    - AppAuth/Core (= 1.4.0)
    - AppAuth/ExternalUserAgent (= 1.4.0)
  - AppAuth/Core (1.4.0)
  - AppAuth/ExternalUserAgent (1.4.0)
  - AppSyncRealTimeClient (1.4.3):
    - Starscream (~> 3.1.0)
  - AWSAuthCore (2.23.0):
    - AWSCore (= 2.23.0)
  - AWSCognitoIdentityProvider (2.23.0):
    - AWSCognitoIdentityProviderASF (= 2.23.0)
    - AWSCore (= 2.23.0)
  - AWSCognitoIdentityProviderASF (2.23.0)
  - AWSCore (2.23.0)
  - AWSIoT (2.23.0):
    - AWSCore (= 2.23.0)
  - AWSMobileClient (2.23.0):
    - AWSAuthCore (= 2.23.0)
    - AWSCognitoIdentityProvider (= 2.23.0)
    - AWSCognitoIdentityProviderASF (= 2.23.0)
    - AWSCore (= 2.23.0)
  - AWSPluginsCore (1.7.0):
    - Amplify (= 1.7.0)
    - AWSCore (~> 2.23.0)
  - AWSS3 (2.23.0):
    - AWSCore (= 2.23.0)
  - Charts (3.6.0):
    - Charts/Core (= 3.6.0)
  - Charts/Core (3.6.0)
  - FBSDKCoreKit (11.0.1):
    - FBSDKCoreKit/Core (= 11.0.1)
  - FBSDKCoreKit/Core (11.0.1):
    - FBSDKCoreKit_Basics (~> 11.0.1)
  - FBSDKCoreKit_Basics (11.0.1):
    - FBSDKCoreKit_Basics/Basics (= 11.0.1)
  - FBSDKCoreKit_Basics/Basics (11.0.1)
  - FBSDKLoginKit (11.0.1):
    - FBSDKLoginKit/Login (= 11.0.1)
  - FBSDKLoginKit/Login (11.0.1):
    - FBSDKCoreKit (~> 11.0.1)
    - FBSDKCoreKit_Basics (~> 11.0.1)
  - GoogleSignIn (5.0.2):
    - AppAuth (~> 1.2)
    - GTMAppAuth (~> 1.0)
    - GTMSessionFetcher/Core (~> 1.1)
  - GTMAppAuth (1.2.2):
    - AppAuth/Core (~> 1.4)
    - GTMSessionFetcher/Core (~> 1.5)
  - GTMSessionFetcher/Core (1.5.0)
  - ScrollableGraphView (4.0.6)
  - SQLite.swift (0.12.2):
    - SQLite.swift/standard (= 0.12.2)
  - SQLite.swift/standard (0.12.2)
  - Starscream (3.1.1)

DEPENDENCIES:
  - Amplify
  - Amplify/Tools
  - AmplifyPlugins/AWSAPIPlugin
  - AmplifyPlugins/AWSCognitoAuthPlugin
  - AmplifyPlugins/AWSDataStorePlugin
  - AmplifyPlugins/AWSS3StoragePlugin
  - AWSIoT (~> 2.23)
  - Charts
  - FBSDKLoginKit
  - GoogleSignIn
  - ScrollableGraphView

SPEC REPOS:
  trunk:
    - Amplify
    - AmplifyPlugins
    - AppAuth
    - AppSyncRealTimeClient
    - AWSAuthCore
    - AWSCognitoIdentityProvider
    - AWSCognitoIdentityProviderASF
    - AWSCore
    - AWSIoT
    - AWSMobileClient
    - AWSPluginsCore
    - AWSS3
    - Charts
    - FBSDKCoreKit
    - FBSDKCoreKit_Basics
    - FBSDKLoginKit
    - GoogleSignIn
    - GTMAppAuth
    - GTMSessionFetcher
    - ScrollableGraphView
    - SQLite.swift
    - Starscream

SPEC CHECKSUMS:
  Amplify: 4cdf0631faffa42a47dc24affa6d84c555ca2f6a
  AmplifyPlugins: dcf678f54171ce6d6367b79d5149bda5f47d9f9e
  AppAuth: 31bcec809a638d7bd2f86ea8a52bd45f6e81e7c7
  AppSyncRealTimeClient: 04df4dffe57cfbd06da336d0bfcd5641ba9adcb5
  AWSAuthCore: 037e5faef3f7a0b4501eddcc382f9c74a22c0a77
  AWSCognitoIdentityProvider: c078ed88e0f8d2df52850acfa2dae91c451ae47e
  AWSCognitoIdentityProviderASF: fa862263b46ce6dcd28b85a906d21874fb28b15a
  AWSCore: 589ad0bd5b72e9a95ce33834f12339b50cfc9f14
  AWSIoT: 3d44042f3314322ecf3ba0688451cbdbb3345881
  AWSMobileClient: 5701d5ac51ec0de781d848754f9d9952ead1c639
  AWSPluginsCore: d4593ef79107b15a02597705b63c9c915a946ee9
  AWSS3: 7f89c85b958d0979a39069003a2fe06facf78373
  Charts: b1e3a1f5a1c9ba5394438ca3b91bd8c9076310af
  FBSDKCoreKit: 38c9e29a3f1436362acacff6486d3a28628c288f
  FBSDKCoreKit_Basics: 06780a4a12e16596bde8406add02c6aa1bf38616
  FBSDKLoginKit: 8243e04c590c38b85c69fcf09d1234514d2475c3
  GoogleSignIn: 7137d297ddc022a7e0aa4619c86d72c909fa7213
  GTMAppAuth: ad5c2b70b9a8689e1a04033c9369c4915bfcbe89
  GTMSessionFetcher: b3503b20a988c4e20cc189aa798fd18220133f52
  ScrollableGraphView: 4af35d4ea9ecdec665d34a74da51da161ddff8ac
  SQLite.swift: d2b4642190917051ce6bd1d49aab565fe794eea3
  Starscream: 4bb2f9942274833f7b4d296a55504dcfc7edb7b0

PODFILE CHECKSUM: 22ad95d67354c4bd59e271fd97dbbb596ff94e9c

COCOAPODS: 1.10.1
